
Microsoft Visual Studio Solution File, Format Version 12.00
# Visual Studio 15
VisualStudioVersion = 15.0.27130.2026
MinimumVisualStudioVersion = 10.0.40219.1
Project("{FAE04EC0-301F-11D3-BF4B-00C04F79EFBC}") = "AdobeSplite", "AdobeSplite\AdobeSplite.csproj", "{C1307548-28EC-4136-B0A6-3D64D13FDFE2}"
EndProject
Project("{FAE04EC0-301F-11D3-BF4B-00C04F79EFBC}") = "SpliteThisFuckingPDF", "SpliteThisFuckingPDF\SpliteThisFuckingPDF.csproj", "{2A10A219-6EF8-4AD7-941C-B08E69E2266C}"
EndProject
Project("{FAE04EC0-301F-11D3-BF4B-00C04F79EFBC}") = "PDFSpliter", "PDFSpliter\PDFSpliter.csproj", "{5FDFC468-8327-4D6F-A02C-22E981599DA2}"
EndProject
Project("{FAE04EC0-301F-11D3-BF4B-00C04F79EFBC}") = "PDFSpliter.Model", "PDFSpliter.Model\PDFSpliter.Model.csproj", "{3F1B2938-8639-40B7-B4FC-EF005007EAE6}"
EndProject
Global
	GlobalSection(SolutionConfigurationPlatforms) = preSolution
		Debug|Any CPU = Debug|Any CPU
		Debug|x64 = Debug|x64
		End|Any CPU = End|Any CPU
		End|x64 = End|x64
		Release|Any CPU = Release|Any CPU
		Release|x64 = Release|x64
	EndGlobalSection
	GlobalSection(ProjectConfigurationPlatforms) = postSolution
		{C1307548-28EC-4136-B0A6-3D64D13FDFE2}.Debug|Any CPU.ActiveCfg = Debug|Any CPU
		{C1307548-28EC-4136-B0A6-3D64D13FDFE2}.Debug|Any CPU.Build.0 = Debug|Any CPU
		{C1307548-28EC-4136-B0A6-3D64D13FDFE2}.Debug|x64.ActiveCfg = Debug|Any CPU
		{C1307548-28EC-4136-B0A6-3D64D13FDFE2}.Debug|x64.Build.0 = Debug|Any CPU
		{C1307548-28EC-4136-B0A6-3D64D13FDFE2}.End|Any CPU.ActiveCfg = Release|Any CPU
		{C1307548-28EC-4136-B0A6-3D64D13FDFE2}.End|Any CPU.Build.0 = Release|Any CPU
		{C1307548-28EC-4136-B0A6-3D64D13FDFE2}.End|x64.ActiveCfg = Release|Any CPU
		{C1307548-28EC-4136-B0A6-3D64D13FDFE2}.End|x64.Build.0 = Release|Any CPU
		{C1307548-28EC-4136-B0A6-3D64D13FDFE2}.Release|Any CPU.ActiveCfg = Release|Any CPU
		{C1307548-28EC-4136-B0A6-3D64D13FDFE2}.Release|Any CPU.Build.0 = Release|Any CPU
		{C1307548-28EC-4136-B0A6-3D64D13FDFE2}.Release|x64.ActiveCfg = Release|Any CPU
		{C1307548-28EC-4136-B0A6-3D64D13FDFE2}.Release|x64.Build.0 = Release|Any CPU
		{2A10A219-6EF8-4AD7-941C-B08E69E2266C}.Debug|Any CPU.ActiveCfg = Debug|Any CPU
		{2A10A219-6EF8-4AD7-941C-B08E69E2266C}.Debug|Any CPU.Build.0 = Debug|Any CPU
		{2A10A219-6EF8-4AD7-941C-B08E69E2266C}.Debug|x64.ActiveCfg = Debug|Any CPU
		{2A10A219-6EF8-4AD7-941C-B08E69E2266C}.Debug|x64.Build.0 = Debug|Any CPU
		{2A10A219-6EF8-4AD7-941C-B08E69E2266C}.End|Any CPU.ActiveCfg = End|Any CPU
		{2A10A219-6EF8-4AD7-941C-B08E69E2266C}.End|Any CPU.Build.0 = End|Any CPU
		{2A10A219-6EF8-4AD7-941C-B08E69E2266C}.End|x64.ActiveCfg = End|Any CPU
		{2A10A219-6EF8-4AD7-941C-B08E69E2266C}.End|x64.Build.0 = End|Any CPU
		{2A10A219-6EF8-4AD7-941C-B08E69E2266C}.Release|Any CPU.ActiveCfg = Release|Any CPU
		{2A10A219-6EF8-4AD7-941C-B08E69E2266C}.Release|Any CPU.Build.0 = Release|Any CPU
		{2A10A219-6EF8-4AD7-941C-B08E69E2266C}.Release|x64.ActiveCfg = Release|Any CPU
		{2A10A219-6EF8-4AD7-941C-B08E69E2266C}.Release|x64.Build.0 = Release|Any CPU
		{5FDFC468-8327-4D6F-A02C-22E981599DA2}.Debug|Any CPU.ActiveCfg = Debug|Any CPU
		{5FDFC468-8327-4D6F-A02C-22E981599DA2}.Debug|Any CPU.Build.0 = Debug|Any CPU
		{5FDFC468-8327-4D6F-A02C-22E981599DA2}.Debug|x64.ActiveCfg = Debug|x64
		{5FDFC468-8327-4D6F-A02C-22E981599DA2}.Debug|x64.Build.0 = Debug|x64
		{5FDFC468-8327-4D6F-A02C-22E981599DA2}.End|Any CPU.ActiveCfg = Release|Any CPU
		{5FDFC468-8327-4D6F-A02C-22E981599DA2}.End|Any CPU.Build.0 = Release|Any CPU
		{5FDFC468-8327-4D6F-A02C-22E981599DA2}.End|x64.ActiveCfg = Release|x64
		{5FDFC468-8327-4D6F-A02C-22E981599DA2}.End|x64.Build.0 = Release|x64
		{5FDFC468-8327-4D6F-A02C-22E981599DA2}.Release|Any CPU.ActiveCfg = Release|Any CPU
		{5FDFC468-8327-4D6F-A02C-22E981599DA2}.Release|Any CPU.Build.0 = Release|Any CPU
		{5FDFC468-8327-4D6F-A02C-22E981599DA2}.Release|x64.ActiveCfg = Release|x64
		{5FDFC468-8327-4D6F-A02C-22E981599DA2}.Release|x64.Build.0 = Release|x64
		{3F1B2938-8639-40B7-B4FC-EF005007EAE6}.Debug|Any CPU.ActiveCfg = Debug|Any CPU
		{3F1B2938-8639-40B7-B4FC-EF005007EAE6}.Debug|Any CPU.Build.0 = Debug|Any CPU
		{3F1B2938-8639-40B7-B4FC-EF005007EAE6}.Debug|x64.ActiveCfg = Debug|Any CPU
		{3F1B2938-8639-40B7-B4FC-EF005007EAE6}.Debug|x64.Build.0 = Debug|Any CPU
		{3F1B2938-8639-40B7-B4FC-EF005007EAE6}.End|Any CPU.ActiveCfg = Release|Any CPU
		{3F1B2938-8639-40B7-B4FC-EF005007EAE6}.End|Any CPU.Build.0 = Release|Any CPU
		{3F1B2938-8639-40B7-B4FC-EF005007EAE6}.End|x64.ActiveCfg = Release|Any CPU
		{3F1B2938-8639-40B7-B4FC-EF005007EAE6}.End|x64.Build.0 = Release|Any CPU
		{3F1B2938-8639-40B7-B4FC-EF005007EAE6}.Release|Any CPU.ActiveCfg = Release|Any CPU
		{3F1B2938-8639-40B7-B4FC-EF005007EAE6}.Release|Any CPU.Build.0 = Release|Any CPU
		{3F1B2938-8639-40B7-B4FC-EF005007EAE6}.Release|x64.ActiveCfg = Release|Any CPU
		{3F1B2938-8639-40B7-B4FC-EF005007EAE6}.Release|x64.Build.0 = Release|Any CPU
	EndGlobalSection
	GlobalSection(SolutionProperties) = preSolution
		HideSolutionNode = FALSE
	EndGlobalSection
	GlobalSection(ExtensibilityGlobals) = postSolution
		SolutionGuid = {8F2C5D5F-2B72-4174-8D3F-C9F2640BB19C}
	EndGlobalSection
EndGlobal
